
Microsoft Visual Studio Solution File, Format Version 12.00
# Visual Studio 15
VisualStudioVersion = 15.0.28307.1231
MinimumVisualStudioVersion = 10.0.40219.1
Project("{8BC9CEB8-8B4A-11D0-8D11-00A0C91BC942}") = "CudaAPI", "CudaAPI\CudaAPI.vcxproj", "{A782D3AC-CF7C-402E-9326-9C5A564F4D75}"
EndProject
Global
	GlobalSection(SolutionConfigurationPlatforms) = preSolution
		Debug|x64 = Debug|x64
		Release|x64 = Release|x64
	EndGlobalSection
	GlobalSection(ProjectConfigurationPlatforms) = postSolution
		{A782D3AC-CF7C-402E-9326-9C5A564F4D75}.Debug|x64.ActiveCfg = Debug|x64
		{A782D3AC-CF7C-402E-9326-9C5A564F4D75}.Debug|x64.Build.0 = Debug|x64
		{A782D3AC-CF7C-402E-9326-9C5A564F4D75}.Release|x64.ActiveCfg = Release|x64
		{A782D3AC-CF7C-402E-9326-9C5A564F4D75}.Release|x64.Build.0 = Release|x64
	EndGlobalSection
	GlobalSection(SolutionProperties) = preSolution
		HideSolutionNode = FALSE
	EndGlobalSection
	GlobalSection(ExtensibilityGlobals) = postSolution
		SolutionGuid = {2FA2A4E7-DF97-44A2-9131-4D09D231D887}
	EndGlobalSection
EndGlobal
